
Microsoft Visual Studio Solution File, Format Version 12.00
# Visual Studio Version 17
VisualStudioVersion = 17.0.32112.339
MinimumVisualStudioVersion = 10.0.40219.1
Project("{FAE04EC0-301F-11D3-BF4B-00C04F79EFBC}") = "NoteApi", "NoteApi\NoteApi.csproj", "{CF906457-2532-40AB-A817-D458F3C5B3FE}"
EndProject
Global
	GlobalSection(SolutionConfigurationPlatforms) = preSolution
		Debug|Any CPU = Debug|Any CPU
		Release|Any CPU = Release|Any CPU
	EndGlobalSection
	GlobalSection(ProjectConfigurationPlatforms) = postSolution
		{CF906457-2532-40AB-A817-D458F3C5B3FE}.Debug|Any CPU.ActiveCfg = Debug|Any CPU
		{CF906457-2532-40AB-A817-D458F3C5B3FE}.Debug|Any CPU.Build.0 = Debug|Any CPU
		{CF906457-2532-40AB-A817-D458F3C5B3FE}.Release|Any CPU.ActiveCfg = Release|Any CPU
		{CF906457-2532-40AB-A817-D458F3C5B3FE}.Release|Any CPU.Build.0 = Release|Any CPU
	EndGlobalSection
	GlobalSection(SolutionProperties) = preSolution
		HideSolutionNode = FALSE
	EndGlobalSection
	GlobalSection(ExtensibilityGlobals) = postSolution
		SolutionGuid = {414F8CEE-7A3A-45C6-AD5B-863DC9BE559E}
	EndGlobalSection
EndGlobal
